
Microsoft Visual Studio Solution File, Format Version 12.00
# Visual Studio Version 17
VisualStudioVersion = 17.0.31903.59
MinimumVisualStudioVersion = 10.0.40219.1
Project("{2150E333-8FDC-42A3-9474-1A3956D46DE8}") = "tests", "tests", "{0AB3BF05-4346-4AA6-1389-037BE0695223}"
EndProject
Project("{FAE04EC0-301F-11D3-BF4B-00C04F79EFBC}") = "PhotoBook.Application.Tests", "tests\PhotoBook.Application.Tests\PhotoBook.Application.Tests.csproj", "{C9E6D3E7-1DB7-4B8B-8220-E23E33880F31}"
EndProject
Project("{2150E333-8FDC-42A3-9474-1A3956D46DE8}") = "src", "src", "{C34A0AC3-1048-463A-ABFB-440AC1C5CD21}"
EndProject
Project("{FAE04EC0-301F-11D3-BF4B-00C04F79EFBC}") = "PhotoBook.Core", "src\PhotoBook.Core\PhotoBook.Core.csproj", "{7F0CFD49-21C2-4DFE-859E-AD407F22CF52}"
EndProject
Project("{FAE04EC0-301F-11D3-BF4B-00C04F79EFBC}") = "PhotoBook.Application", "src\PhotoBook.Application\PhotoBook.Application.csproj", "{8423E30F-7A6E-47FB-9FD0-BFBE210C8EAC}"
EndProject
Project("{FAE04EC0-301F-11D3-BF4B-00C04F79EFBC}") = "PhotoBook.Infrastructure", "src\PhotoBook.Infrastructure\PhotoBook.Infrastructure.csproj", "{730A3B17-5175-4677-A2DB-2666292CE9BD}"
EndProject
Project("{FAE04EC0-301F-11D3-BF4B-00C04F79EFBC}") = "PhotoBook.Desktop.Wpf", "src\PhotoBook.Desktop.Wpf\PhotoBook.Desktop.Wpf.csproj", "{C0F551CD-15CE-4326-8134-A42395D98044}"
EndProject
Global
	GlobalSection(SolutionConfigurationPlatforms) = preSolution
		Debug|Any CPU = Debug|Any CPU
		Debug|x64 = Debug|x64
		Debug|x86 = Debug|x86
		Release|Any CPU = Release|Any CPU
		Release|x64 = Release|x64
		Release|x86 = Release|x86
	EndGlobalSection
	GlobalSection(ProjectConfigurationPlatforms) = postSolution
		{C9E6D3E7-1DB7-4B8B-8220-E23E33880F31}.Debug|Any CPU.ActiveCfg = Debug|Any CPU
		{C9E6D3E7-1DB7-4B8B-8220-E23E33880F31}.Debug|Any CPU.Build.0 = Debug|Any CPU
		{C9E6D3E7-1DB7-4B8B-8220-E23E33880F31}.Debug|x64.ActiveCfg = Debug|Any CPU
		{C9E6D3E7-1DB7-4B8B-8220-E23E33880F31}.Debug|x64.Build.0 = Debug|Any CPU
		{C9E6D3E7-1DB7-4B8B-8220-E23E33880F31}.Debug|x86.ActiveCfg = Debug|Any CPU
		{C9E6D3E7-1DB7-4B8B-8220-E23E33880F31}.Debug|x86.Build.0 = Debug|Any CPU
		{C9E6D3E7-1DB7-4B8B-8220-E23E33880F31}.Release|Any CPU.ActiveCfg = Release|Any CPU
		{C9E6D3E7-1DB7-4B8B-8220-E23E33880F31}.Release|Any CPU.Build.0 = Release|Any CPU
		{C9E6D3E7-1DB7-4B8B-8220-E23E33880F31}.Release|x64.ActiveCfg = Release|Any CPU
		{C9E6D3E7-1DB7-4B8B-8220-E23E33880F31}.Release|x64.Build.0 = Release|Any CPU
		{C9E6D3E7-1DB7-4B8B-8220-E23E33880F31}.Release|x86.ActiveCfg = Release|Any CPU
		{C9E6D3E7-1DB7-4B8B-8220-E23E33880F31}.Release|x86.Build.0 = Release|Any CPU
		{7F0CFD49-21C2-4DFE-859E-AD407F22CF52}.Debug|Any CPU.ActiveCfg = Debug|Any CPU
		{7F0CFD49-21C2-4DFE-859E-AD407F22CF52}.Debug|Any CPU.Build.0 = Debug|Any CPU
		{7F0CFD49-21C2-4DFE-859E-AD407F22CF52}.Debug|x64.ActiveCfg = Debug|Any CPU
		{7F0CFD49-21C2-4DFE-859E-AD407F22CF52}.Debug|x64.Build.0 = Debug|Any CPU
		{7F0CFD49-21C2-4DFE-859E-AD407F22CF52}.Debug|x86.ActiveCfg = Debug|Any CPU
		{7F0CFD49-21C2-4DFE-859E-AD407F22CF52}.Debug|x86.Build.0 = Debug|Any CPU
		{7F0CFD49-21C2-4DFE-859E-AD407F22CF52}.Release|Any CPU.ActiveCfg = Release|Any CPU
		{7F0CFD49-21C2-4DFE-859E-AD407F22CF52}.Release|Any CPU.Build.0 = Release|Any CPU
		{7F0CFD49-21C2-4DFE-859E-AD407F22CF52}.Release|x64.ActiveCfg = Release|Any CPU
		{7F0CFD49-21C2-4DFE-859E-AD407F22CF52}.Release|x64.Build.0 = Release|Any CPU
		{7F0CFD49-21C2-4DFE-859E-AD407F22CF52}.Release|x86.ActiveCfg = Release|Any CPU
		{7F0CFD49-21C2-4DFE-859E-AD407F22CF52}.Release|x86.Build.0 = Release|Any CPU
		{8423E30F-7A6E-47FB-9FD0-BFBE210C8EAC}.Debug|Any CPU.ActiveCfg = Debug|Any CPU
		{8423E30F-7A6E-47FB-9FD0-BFBE210C8EAC}.Debug|Any CPU.Build.0 = Debug|Any CPU
		{8423E30F-7A6E-47FB-9FD0-BFBE210C8EAC}.Debug|x64.ActiveCfg = Debug|Any CPU
		{8423E30F-7A6E-47FB-9FD0-BFBE210C8EAC}.Debug|x64.Build.0 = Debug|Any CPU
		{8423E30F-7A6E-47FB-9FD0-BFBE210C8EAC}.Debug|x86.ActiveCfg = Debug|Any CPU
		{8423E30F-7A6E-47FB-9FD0-BFBE210C8EAC}.Debug|x86.Build.0 = Debug|Any CPU
		{8423E30F-7A6E-47FB-9FD0-BFBE210C8EAC}.Release|Any CPU.ActiveCfg = Release|Any CPU
		{8423E30F-7A6E-47FB-9FD0-BFBE210C8EAC}.Release|Any CPU.Build.0 = Release|Any CPU
		{8423E30F-7A6E-47FB-9FD0-BFBE210C8EAC}.Release|x64.ActiveCfg = Release|Any CPU
		{8423E30F-7A6E-47FB-9FD0-BFBE210C8EAC}.Release|x64.Build.0 = Release|Any CPU
		{8423E30F-7A6E-47FB-9FD0-BFBE210C8EAC}.Release|x86.ActiveCfg = Release|Any CPU
		{8423E30F-7A6E-47FB-9FD0-BFBE210C8EAC}.Release|x86.Build.0 = Release|Any CPU
		{730A3B17-5175-4677-A2DB-2666292CE9BD}.Debug|Any CPU.ActiveCfg = Debug|Any CPU
		{730A3B17-5175-4677-A2DB-2666292CE9BD}.Debug|Any CPU.Build.0 = Debug|Any CPU
		{730A3B17-5175-4677-A2DB-2666292CE9BD}.Debug|x64.ActiveCfg = Debug|Any CPU
		{730A3B17-5175-4677-A2DB-2666292CE9BD}.Debug|x64.Build.0 = Debug|Any CPU
		{730A3B17-5175-4677-A2DB-2666292CE9BD}.Debug|x86.ActiveCfg = Debug|Any CPU
		{730A3B17-5175-4677-A2DB-2666292CE9BD}.Debug|x86.Build.0 = Debug|Any CPU
		{730A3B17-5175-4677-A2DB-2666292CE9BD}.Release|Any CPU.ActiveCfg = Release|Any CPU
		{730A3B17-5175-4677-A2DB-2666292CE9BD}.Release|Any CPU.Build.0 = Release|Any CPU
		{730A3B17-5175-4677-A2DB-2666292CE9BD}.Release|x64.ActiveCfg = Release|Any CPU
		{730A3B17-5175-4677-A2DB-2666292CE9BD}.Release|x64.Build.0 = Release|Any CPU
		{730A3B17-5175-4677-A2DB-2666292CE9BD}.Release|x86.ActiveCfg = Release|Any CPU
		{730A3B17-5175-4677-A2DB-2666292CE9BD}.Release|x86.Build.0 = Release|Any CPU
		{C0F551CD-15CE-4326-8134-A42395D98044}.Debug|Any CPU.ActiveCfg = Debug|Any CPU
		{C0F551CD-15CE-4326-8134-A42395D98044}.Debug|Any CPU.Build.0 = Debug|Any CPU
		{C0F551CD-15CE-4326-8134-A42395D98044}.Debug|x64.ActiveCfg = Debug|Any CPU
		{C0F551CD-15CE-4326-8134-A42395D98044}.Debug|x64.Build.0 = Debug|Any CPU
		{C0F551CD-15CE-4326-8134-A42395D98044}.Debug|x86.ActiveCfg = Debug|Any CPU
		{C0F551CD-15CE-4326-8134-A42395D98044}.Debug|x86.Build.0 = Debug|Any CPU
		{C0F551CD-15CE-4326-8134-A42395D98044}.Release|Any CPU.ActiveCfg = Release|Any CPU
		{C0F551CD-15CE-4326-8134-A42395D98044}.Release|Any CPU.Build.0 = Release|Any CPU
		{C0F551CD-15CE-4326-8134-A42395D98044}.Release|x64.ActiveCfg = Release|Any CPU
		{C0F551CD-15CE-4326-8134-A42395D98044}.Release|x64.Build.0 = Release|Any CPU
		{C0F551CD-15CE-4326-8134-A42395D98044}.Release|x86.ActiveCfg = Release|Any CPU
		{C0F551CD-15CE-4326-8134-A42395D98044}.Release|x86.Build.0 = Release|Any CPU
	EndGlobalSection
	GlobalSection(SolutionProperties) = preSolution
		HideSolutionNode = FALSE
	EndGlobalSection
	GlobalSection(NestedProjects) = preSolution
		{C9E6D3E7-1DB7-4B8B-8220-E23E33880F31} = {0AB3BF05-4346-4AA6-1389-037BE0695223}
		{7F0CFD49-21C2-4DFE-859E-AD407F22CF52} = {C34A0AC3-1048-463A-ABFB-440AC1C5CD21}
		{8423E30F-7A6E-47FB-9FD0-BFBE210C8EAC} = {C34A0AC3-1048-463A-ABFB-440AC1C5CD21}
		{730A3B17-5175-4677-A2DB-2666292CE9BD} = {C34A0AC3-1048-463A-ABFB-440AC1C5CD21}
		{C0F551CD-15CE-4326-8134-A42395D98044} = {C34A0AC3-1048-463A-ABFB-440AC1C5CD21}
	EndGlobalSection
EndGlobal
